
Microsoft Visual Studio Solution File, Format Version 12.00
# Visual Studio 15
VisualStudioVersion = 15.0.28010.2050
MinimumVisualStudioVersion = 10.0.40219.1
Project("{FAE04EC0-301F-11D3-BF4B-00C04F79EFBC}") = "ServerSide", "ServerSide\ServerSide.csproj", "{6AED9453-10D6-4287-A0EC-6871C6DD8436}"
EndProject
Project("{FAE04EC0-301F-11D3-BF4B-00C04F79EFBC}") = "RootCAInstaller", "RootCAInstaller\RootCAInstaller.csproj", "{41220168-2FFE-4B17-88FC-6B57BC9B0CBC}"
EndProject
Project("{9092AA53-FB77-4645-B42D-1CCCA6BD08BD}") = "Server", "Server\Server.njsproj", "{6F394683-263E-4627-9CB5-568781B04A2E}"
EndProject
Project("{9A19103F-16F7-4668-BE54-9A1E7A4F7556}") = "CAServer", "CAServer\CAServer.csproj", "{5BDED0B4-5A6C-4402-B04F-6E2B901D5CCA}"
EndProject
Project("{FAE04EC0-301F-11D3-BF4B-00C04F79EFBC}") = "ForExam", "ForExam\ForExam.csproj", "{CBC517D8-D86E-4829-A839-8D1623BA0D81}"
EndProject
Project("{FAE04EC0-301F-11D3-BF4B-00C04F79EFBC}") = "Signer", "Signer\Signer.csproj", "{CDD14E50-58D3-4C28-9A40-A2CCC481E49F}"
EndProject
Global
	GlobalSection(SolutionConfigurationPlatforms) = preSolution
		Debug|Any CPU = Debug|Any CPU
		Release|Any CPU = Release|Any CPU
	EndGlobalSection
	GlobalSection(ProjectConfigurationPlatforms) = postSolution
		{6AED9453-10D6-4287-A0EC-6871C6DD8436}.Debug|Any CPU.ActiveCfg = Debug|Any CPU
		{6AED9453-10D6-4287-A0EC-6871C6DD8436}.Debug|Any CPU.Build.0 = Debug|Any CPU
		{6AED9453-10D6-4287-A0EC-6871C6DD8436}.Release|Any CPU.ActiveCfg = Release|Any CPU
		{6AED9453-10D6-4287-A0EC-6871C6DD8436}.Release|Any CPU.Build.0 = Release|Any CPU
		{41220168-2FFE-4B17-88FC-6B57BC9B0CBC}.Debug|Any CPU.ActiveCfg = Debug|Any CPU
		{41220168-2FFE-4B17-88FC-6B57BC9B0CBC}.Debug|Any CPU.Build.0 = Debug|Any CPU
		{41220168-2FFE-4B17-88FC-6B57BC9B0CBC}.Release|Any CPU.ActiveCfg = Release|Any CPU
		{41220168-2FFE-4B17-88FC-6B57BC9B0CBC}.Release|Any CPU.Build.0 = Release|Any CPU
		{6F394683-263E-4627-9CB5-568781B04A2E}.Debug|Any CPU.ActiveCfg = Debug|Any CPU
		{6F394683-263E-4627-9CB5-568781B04A2E}.Debug|Any CPU.Build.0 = Debug|Any CPU
		{6F394683-263E-4627-9CB5-568781B04A2E}.Release|Any CPU.ActiveCfg = Release|Any CPU
		{6F394683-263E-4627-9CB5-568781B04A2E}.Release|Any CPU.Build.0 = Release|Any CPU
		{5BDED0B4-5A6C-4402-B04F-6E2B901D5CCA}.Debug|Any CPU.ActiveCfg = Debug|Any CPU
		{5BDED0B4-5A6C-4402-B04F-6E2B901D5CCA}.Debug|Any CPU.Build.0 = Debug|Any CPU
		{5BDED0B4-5A6C-4402-B04F-6E2B901D5CCA}.Release|Any CPU.ActiveCfg = Release|Any CPU
		{5BDED0B4-5A6C-4402-B04F-6E2B901D5CCA}.Release|Any CPU.Build.0 = Release|Any CPU
		{CBC517D8-D86E-4829-A839-8D1623BA0D81}.Debug|Any CPU.ActiveCfg = Debug|Any CPU
		{CBC517D8-D86E-4829-A839-8D1623BA0D81}.Debug|Any CPU.Build.0 = Debug|Any CPU
		{CBC517D8-D86E-4829-A839-8D1623BA0D81}.Release|Any CPU.ActiveCfg = Release|Any CPU
		{CBC517D8-D86E-4829-A839-8D1623BA0D81}.Release|Any CPU.Build.0 = Release|Any CPU
		{CDD14E50-58D3-4C28-9A40-A2CCC481E49F}.Debug|Any CPU.ActiveCfg = Debug|Any CPU
		{CDD14E50-58D3-4C28-9A40-A2CCC481E49F}.Debug|Any CPU.Build.0 = Debug|Any CPU
		{CDD14E50-58D3-4C28-9A40-A2CCC481E49F}.Release|Any CPU.ActiveCfg = Release|Any CPU
		{CDD14E50-58D3-4C28-9A40-A2CCC481E49F}.Release|Any CPU.Build.0 = Release|Any CPU
	EndGlobalSection
	GlobalSection(SolutionProperties) = preSolution
		HideSolutionNode = FALSE
	EndGlobalSection
	GlobalSection(ExtensibilityGlobals) = postSolution
		SolutionGuid = {8F1E16AE-CB26-4140-B185-255B92C53307}
	EndGlobalSection
EndGlobal
